
Microsoft Visual Studio Solution File, Format Version 12.00
# Visual Studio Version 16
VisualStudioVersion = 16.0.31112.23
MinimumVisualStudioVersion = 10.0.40219.1
Project("{FAE04EC0-301F-11D3-BF4B-00C04F79EFBC}") = "Server", "Server\Server.csproj", "{4087F001-B80B-4EFF-AABA-4199529FDBCA}"
EndProject
Project("{FAE04EC0-301F-11D3-BF4B-00C04F79EFBC}") = "Client", "Client\Client.csproj", "{CCD332E5-5A0E-40FF-9F35-A970B1448692}"
EndProject
Project("{2150E333-8FDC-42A3-9474-1A3956D46DE8}") = "testTcpClientServer", "testTcpClientServer", "{26C65487-A0EF-4794-8D3A-740E89806141}"
EndProject
Global
	GlobalSection(SolutionConfigurationPlatforms) = preSolution
		Debug|Any CPU = Debug|Any CPU
		Release|Any CPU = Release|Any CPU
	EndGlobalSection
	GlobalSection(ProjectConfigurationPlatforms) = postSolution
		{4087F001-B80B-4EFF-AABA-4199529FDBCA}.Debug|Any CPU.ActiveCfg = Debug|Any CPU
		{4087F001-B80B-4EFF-AABA-4199529FDBCA}.Debug|Any CPU.Build.0 = Debug|Any CPU
		{4087F001-B80B-4EFF-AABA-4199529FDBCA}.Release|Any CPU.ActiveCfg = Release|Any CPU
		{4087F001-B80B-4EFF-AABA-4199529FDBCA}.Release|Any CPU.Build.0 = Release|Any CPU
		{CCD332E5-5A0E-40FF-9F35-A970B1448692}.Debug|Any CPU.ActiveCfg = Debug|Any CPU
		{CCD332E5-5A0E-40FF-9F35-A970B1448692}.Debug|Any CPU.Build.0 = Debug|Any CPU
		{CCD332E5-5A0E-40FF-9F35-A970B1448692}.Release|Any CPU.ActiveCfg = Release|Any CPU
		{CCD332E5-5A0E-40FF-9F35-A970B1448692}.Release|Any CPU.Build.0 = Release|Any CPU
	EndGlobalSection
	GlobalSection(SolutionProperties) = preSolution
		HideSolutionNode = FALSE
	EndGlobalSection
	GlobalSection(NestedProjects) = preSolution
		{4087F001-B80B-4EFF-AABA-4199529FDBCA} = {26C65487-A0EF-4794-8D3A-740E89806141}
		{CCD332E5-5A0E-40FF-9F35-A970B1448692} = {26C65487-A0EF-4794-8D3A-740E89806141}
	EndGlobalSection
	GlobalSection(ExtensibilityGlobals) = postSolution
		SolutionGuid = {F025824C-321A-4A9D-830E-8CEA1D3C376A}
	EndGlobalSection
EndGlobal
